
Microsoft Visual Studio Solution File, Format Version 12.00
# Visual Studio Version 16
VisualStudioVersion = 16.0.31005.135
MinimumVisualStudioVersion = 10.0.40219.1
Project("{9A19103F-16F7-4668-BE54-9A1E7A4F7556}") = "SerialPortReader", "SerialPortReader\SerialPortReader.csproj", "{01EF95DC-1913-4844-B1A1-CE3F05AA0859}"
EndProject
Project("{FAE04EC0-301F-11D3-BF4B-00C04F79EFBC}") = "SerialPortReaderNetFramework", "SerialPortReaderNetFramework\SerialPortReaderNetFramework.csproj", "{75C42718-8D9B-4D40-96B7-3C8FE2447CFE}"
EndProject
Global
	GlobalSection(SolutionConfigurationPlatforms) = preSolution
		Debug|Any CPU = Debug|Any CPU
		Release|Any CPU = Release|Any CPU
	EndGlobalSection
	GlobalSection(ProjectConfigurationPlatforms) = postSolution
		{01EF95DC-1913-4844-B1A1-CE3F05AA0859}.Debug|Any CPU.ActiveCfg = Debug|Any CPU
		{01EF95DC-1913-4844-B1A1-CE3F05AA0859}.Debug|Any CPU.Build.0 = Debug|Any CPU
		{01EF95DC-1913-4844-B1A1-CE3F05AA0859}.Release|Any CPU.ActiveCfg = Release|Any CPU
		{01EF95DC-1913-4844-B1A1-CE3F05AA0859}.Release|Any CPU.Build.0 = Release|Any CPU
		{75C42718-8D9B-4D40-96B7-3C8FE2447CFE}.Debug|Any CPU.ActiveCfg = Debug|Any CPU
		{75C42718-8D9B-4D40-96B7-3C8FE2447CFE}.Debug|Any CPU.Build.0 = Debug|Any CPU
		{75C42718-8D9B-4D40-96B7-3C8FE2447CFE}.Release|Any CPU.ActiveCfg = Release|Any CPU
		{75C42718-8D9B-4D40-96B7-3C8FE2447CFE}.Release|Any CPU.Build.0 = Release|Any CPU
	EndGlobalSection
	GlobalSection(SolutionProperties) = preSolution
		HideSolutionNode = FALSE
	EndGlobalSection
	GlobalSection(ExtensibilityGlobals) = postSolution
		SolutionGuid = {F97DE8CA-C483-4A7D-A87E-62F013CC5872}
	EndGlobalSection
EndGlobal
